PODS:
  - FBSnapshotTestCase (2.1.4):
    - FBSnapshotTestCase/SwiftSupport (= 2.1.4)
  - FBSnapshotTestCase/Core (2.1.4)
  - FBSnapshotTestCase/SwiftSupport (2.1.4):
    - FBSnapshotTestCase/Core
  - FFUITool (0.1.1)

DEPENDENCIES:
  - FBSnapshotTestCase (~> 2.1.4)
  - FFUITool (from `../`)

SPEC REPOS:
  trunk:
    - FBSnapshotTestCase

EXTERNAL SOURCES:
  FFUITool:
    :path: "../"

SPEC CHECKSUMS:
  FBSnapshotTestCase: 094f9f314decbabe373b87cc339bea235a63e07a
  FFUITool: 6fdd3b4cdf9933ab35d48c1f8fb1bf145b765f80

PODFILE CHECKSUM: 92be862258e68f413c470497709f543f06b69b48

COCOAPODS: 1.11.3
