PODS:
  - FBSnapshotTestCase (2.1.4):
    - FBSnapshotTestCase/SwiftSupport (= 2.1.4)
  - FBSnapshotTestCase/Core (2.1.4)
  - FBSnapshotTestCase/SwiftSupport (2.1.4):
    - FBSnapshotTestCase/Core
  - FFUITool (0.1.1):
    - SnapKit
  - SnapKit (5.6.0)

DEPENDENCIES:
  - FBSnapshotTestCase (~> 2.1.4)
  - FFUITool (from `../`)

SPEC REPOS:
  trunk:
    - FBSnapshotTestCase
    - SnapKit

EXTERNAL SOURCES:
  FFUITool:
    :path: "../"

SPEC CHECKSUMS:
  FBSnapshotTestCase: 094f9f314decbabe373b87cc339bea235a63e07a
  FFUITool: e2257274265ce8ff6758f6726bab61846df95e48
  SnapKit: e01d52ebb8ddbc333eefe2132acf85c8227d9c25

PODFILE CHECKSUM: 92be862258e68f413c470497709f543f06b69b48

COCOAPODS: 1.11.3
